
Microsoft Visual Studio Solution File, Format Version 12.00
# Visual Studio Version 17
VisualStudioVersion = 17.8.34408.163
MinimumVisualStudioVersion = 10.0.40219.1
Project("{FAE04EC0-301F-11D3-BF4B-00C04F79EFBC}") = "ApartmentManagement", "ApartmentManagement\ApartmentManagement.csproj", "{3BE021BF-FCC8-4C7C-8BF9-690B76692349}"
EndProject
Project("{FAE04EC0-301F-11D3-BF4B-00C04F79EFBC}") = "Entities", "Entities\Entities.csproj", "{792ED4D0-7DE8-4960-A3AD-6B34B780468F}"
EndProject
Project("{FAE04EC0-301F-11D3-BF4B-00C04F79EFBC}") = "DataAccess", "DataAccess\DataAccess.csproj", "{9183DC8B-1557-4C2E-9F4B-0C4F991539FC}"
EndProject
Project("{FAE04EC0-301F-11D3-BF4B-00C04F79EFBC}") = "Business", "Business\Business.csproj", "{A80C573E-9D54-4E32-8FFB-D4E80FD9C1C4}"
EndProject
Global
	GlobalSection(SolutionConfigurationPlatforms) = preSolution
		Debug|Any CPU = Debug|Any CPU
		Release|Any CPU = Release|Any CPU
	EndGlobalSection
	GlobalSection(ProjectConfigurationPlatforms) = postSolution
		{3BE021BF-FCC8-4C7C-8BF9-690B76692349}.Debug|Any CPU.ActiveCfg = Debug|Any CPU
		{3BE021BF-FCC8-4C7C-8BF9-690B76692349}.Debug|Any CPU.Build.0 = Debug|Any CPU
		{3BE021BF-FCC8-4C7C-8BF9-690B76692349}.Release|Any CPU.ActiveCfg = Release|Any CPU
		{3BE021BF-FCC8-4C7C-8BF9-690B76692349}.Release|Any CPU.Build.0 = Release|Any CPU
		{792ED4D0-7DE8-4960-A3AD-6B34B780468F}.Debug|Any CPU.ActiveCfg = Debug|Any CPU
		{792ED4D0-7DE8-4960-A3AD-6B34B780468F}.Debug|Any CPU.Build.0 = Debug|Any CPU
		{792ED4D0-7DE8-4960-A3AD-6B34B780468F}.Release|Any CPU.ActiveCfg = Release|Any CPU
		{792ED4D0-7DE8-4960-A3AD-6B34B780468F}.Release|Any CPU.Build.0 = Release|Any CPU
		{9183DC8B-1557-4C2E-9F4B-0C4F991539FC}.Debug|Any CPU.ActiveCfg = Debug|Any CPU
		{9183DC8B-1557-4C2E-9F4B-0C4F991539FC}.Debug|Any CPU.Build.0 = Debug|Any CPU
		{9183DC8B-1557-4C2E-9F4B-0C4F991539FC}.Release|Any CPU.ActiveCfg = Release|Any CPU
		{9183DC8B-1557-4C2E-9F4B-0C4F991539FC}.Release|Any CPU.Build.0 = Release|Any CPU
		{A80C573E-9D54-4E32-8FFB-D4E80FD9C1C4}.Debug|Any CPU.ActiveCfg = Debug|Any CPU
		{A80C573E-9D54-4E32-8FFB-D4E80FD9C1C4}.Debug|Any CPU.Build.0 = Debug|Any CPU
		{A80C573E-9D54-4E32-8FFB-D4E80FD9C1C4}.Release|Any CPU.ActiveCfg = Release|Any CPU
		{A80C573E-9D54-4E32-8FFB-D4E80FD9C1C4}.Release|Any CPU.Build.0 = Release|Any CPU
	EndGlobalSection
	GlobalSection(SolutionProperties) = preSolution
		HideSolutionNode = FALSE
	EndGlobalSection
	GlobalSection(ExtensibilityGlobals) = postSolution
		SolutionGuid = {D6641A77-D1B4-4870-A208-F238370765A7}
	EndGlobalSection
EndGlobal
